
Microsoft Visual Studio Solution File, Format Version 12.00
Project("{FAE04EC0-301F-11D3-BF4B-00C04F79EFBC}") = "DinoScript", "DinoScript\DinoScript.csproj", "{022D76D9-3626-4607-A337-B6C76924614C}"
EndProject
Project("{FAE04EC0-301F-11D3-BF4B-00C04F79EFBC}") = "DinoScriptTest", "DinoScriptTest\DinoScriptTest.csproj", "{6F3ED46F-17AA-4A50-8A37-DDF8266FE8A5}"
EndProject
Global
	GlobalSection(SolutionConfigurationPlatforms) = preSolution
		Debug|Any CPU = Debug|Any CPU
		Release|Any CPU = Release|Any CPU
	EndGlobalSection
	GlobalSection(ProjectConfigurationPlatforms) = postSolution
		{022D76D9-3626-4607-A337-B6C76924614C}.Debug|Any CPU.ActiveCfg = Debug|Any CPU
		{022D76D9-3626-4607-A337-B6C76924614C}.Debug|Any CPU.Build.0 = Debug|Any CPU
		{022D76D9-3626-4607-A337-B6C76924614C}.Release|Any CPU.ActiveCfg = Release|Any CPU
		{022D76D9-3626-4607-A337-B6C76924614C}.Release|Any CPU.Build.0 = Release|Any CPU
		{6F3ED46F-17AA-4A50-8A37-DDF8266FE8A5}.Debug|Any CPU.ActiveCfg = Debug|Any CPU
		{6F3ED46F-17AA-4A50-8A37-DDF8266FE8A5}.Debug|Any CPU.Build.0 = Debug|Any CPU
		{6F3ED46F-17AA-4A50-8A37-DDF8266FE8A5}.Release|Any CPU.ActiveCfg = Release|Any CPU
		{6F3ED46F-17AA-4A50-8A37-DDF8266FE8A5}.Release|Any CPU.Build.0 = Release|Any CPU
	EndGlobalSection
EndGlobal
